// !$*UTF8*$!
{
	archiveVersion = 1;
	classes = {
	};
	objectVersion = 55;
	objects = {

/* Begin PBXBuildFile section */
		BC9D772627E8CFEE008554EC /* AppDelegate.swift in Sources */ = {isa = PBXBuildFile; fileRef = BC9D772527E8CFEE008554EC /* AppDelegate.swift */; };
		BC9D772827E8CFEE008554EC /* SceneDelegate.swift in Sources */ = {isa = PBXBuildFile; fileRef = BC9D772727E8CFEE008554EC /* SceneDelegate.swift */; };
		BC9D772A27E8CFEE008554EC /* ViewController.swift in Sources */ = {isa = PBXBuildFile; fileRef = BC9D772927E8CFEE008554EC /* ViewController.swift */; };
		BC9D772D27E8CFEE008554EC /* Main.storyboard in Resources */ = {isa = PBXBuildFile; fileRef = BC9D772B27E8CFEE008554EC /* Main.storyboard */; };
		BC9D772F27E8CFF1008554EC /* Assets.xcassets in Resources */ = {isa = PBXBuildFile; fileRef = BC9D772E27E8CFF1008554EC /* Assets.xcassets */; };
		BC9D773227E8CFF1008554EC /* LaunchScreen.storyboard in Resources */ = {isa = PBXBuildFile; fileRef = BC9D773027E8CFF1008554EC /* LaunchScreen.storyboard */; };
		BC9D773A27E8D3FC008554EC /* CryptoModel.swift in Sources */ = {isa = PBXBuildFile; fileRef = BC9D773927E8D3FC008554EC /* CryptoModel.swift */; };
		BC9D773D27E8D569008554EC /* Presenter.swift in Sources */ = {isa = PBXBuildFile; fileRef = BC9D773C27E8D568008554EC /* Presenter.swift */; };
		BC9D774227E8D63C008554EC /* ViewInputDelegate.swift in Sources */ = {isa = PBXBuildFile; fileRef = BC9D774127E8D63C008554EC /* ViewInputDelegate.swift */; };
/* End PBXBuildFile section */

/* Begin PBXFileReference section */
		BC9D772227E8CFEE008554EC /* MVP_fourth.app */ = {isa = PBXFileReference; explicitFileType = wrapper.application; includeInIndex = 0; path = MVP_fourth.app; sourceTree = BUILT_PRODUCTS_DIR; };
		BC9D772527E8CFEE008554EC /* AppDelegate.swift */ = {isa = PBXFileReference; lastKnownFileType = sourcecode.swift; path = AppDelegate.swift; sourceTree = "<group>"; };
		BC9D772727E8CFEE008554EC /* SceneDelegate.swift */ = {isa = PBXFileReference; lastKnownFileType = sourcecode.swift; path = SceneDelegate.swift; sourceTree = "<group>"; };
		BC9D772927E8CFEE008554EC /* ViewController.swift */ = {isa = PBXFileReference; lastKnownFileType = sourcecode.swift; path = ViewController.swift; sourceTree = "<group>"; };
		BC9D772C27E8CFEE008554EC /* Base */ = {isa = PBXFileReference; lastKnownFileType = file.storyboard; name = Base; path = Base.lproj/Main.storyboard; sourceTree = "<group>"; };
		BC9D772E27E8CFF1008554EC /* Assets.xcassets */ = {isa = PBXFileReference; lastKnownFileType = folder.assetcatalog; path = Assets.xcassets; sourceTree = "<group>"; };
		BC9D773127E8CFF1008554EC /* Base */ = {isa = PBXFileReference; lastKnownFileType = file.storyboard; name = Base; path = Base.lproj/LaunchScreen.storyboard; sourceTree = "<group>"; };
		BC9D773327E8CFF1008554EC /* Info.plist */ = {isa = PBXFileReference; lastKnownFileType = text.plist.xml; path = Info.plist; sourceTree = "<group>"; };
		BC9D773927E8D3FC008554EC /* CryptoModel.swift */ = {isa = PBXFileReference; lastKnownFileType = sourcecode.swift; path = CryptoModel.swift; sourceTree = "<group>"; };
		BC9D773C27E8D568008554EC /* Presenter.swift */ = {isa = PBXFileReference; lastKnownFileType = sourcecode.swift; path = Presenter.swift; sourceTree = "<group>"; };
		BC9D774127E8D63C008554EC /* ViewInputDelegate.swift */ = {isa = PBXFileReference; lastKnownFileType = sourcecode.swift; path = ViewInputDelegate.swift; sourceTree = "<group>"; };
/* End PBXFileReference section */

/* Begin PBXFrameworksBuildPhase section */
		BC9D771F27E8CFEE008554EC /* Frameworks */ = {
			isa = PBXFrameworksBuildPhase;
			buildActionMask = 2147483647;
			files = (
			);
			runOnlyForDeploymentPostprocessing = 0;
		};
/* End PBXFrameworksBuildPhase section */

/* Begin PBXGroup section */
		BC9D771927E8CFEE008554EC = {
			isa = PBXGroup;
			children = (
				BC9D772427E8CFEE008554EC /* MVP_fourth */,
				BC9D772327E8CFEE008554EC /* Products */,
			);
			sourceTree = "<group>";
		};
		BC9D772327E8CFEE008554EC /* Products */ = {
			isa = PBXGroup;
			children = (
				BC9D772227E8CFEE008554EC /* MVP_fourth.app */,
			);
			name = Products;
			sourceTree = "<group>";
		};
		BC9D772427E8CFEE008554EC /* MVP_fourth */ = {
			isa = PBXGroup;
			children = (
				BC9D772527E8CFEE008554EC /* AppDelegate.swift */,
				BC9D772727E8CFEE008554EC /* SceneDelegate.swift */,
				BC9D773B27E8D53B008554EC /* Module One */,
				BC9D772E27E8CFF1008554EC /* Assets.xcassets */,
				BC9D773027E8CFF1008554EC /* LaunchScreen.storyboard */,
				BC9D773327E8CFF1008554EC /* Info.plist */,
			);
			path = MVP_fourth;
			sourceTree = "<group>";
		};
		BC9D773B27E8D53B008554EC /* Module One */ = {
			isa = PBXGroup;
			children = (
				BC9D773E27E8D573008554EC /* Presenter */,
				BC9D773F27E8D57F008554EC /* View */,
				BC9D774027E8D588008554EC /* Model */,
			);
			path = "Module One";
			sourceTree = "<group>";
		};
		BC9D773E27E8D573008554EC /* Presenter */ = {
			isa = PBXGroup;
			children = (
				BC9D773C27E8D568008554EC /* Presenter.swift */,
			);
			path = Presenter;
			sourceTree = "<group>";
		};
		BC9D773F27E8D57F008554EC /* View */ = {
			isa = PBXGroup;
			children = (
				BC9D772927E8CFEE008554EC /* ViewController.swift */,
				BC9D774127E8D63C008554EC /* ViewInputDelegate.swift */,
				BC9D772B27E8CFEE008554EC /* Main.storyboard */,
			);
			path = View;
			sourceTree = "<group>";
		};
		BC9D774027E8D588008554EC /* Model */ = {
			isa = PBXGroup;
			children = (
				BC9D773927E8D3FC008554EC /* CryptoModel.swift */,
			);
			path = Model;
			sourceTree = "<group>";
		};
/* End PBXGroup section */

/* Begin PBXNativeTarget section */
		BC9D772127E8CFEE008554EC /* MVP_fourth */ = {
			isa = PBXNativeTarget;
			buildConfigurationList = BC9D773627E8CFF1008554EC /* Build configuration list for PBXNativeTarget "MVP_fourth" */;
			buildPhases = (
				BC9D771E27E8CFEE008554EC /* Sources */,
				BC9D771F27E8CFEE008554EC /* Frameworks */,
				BC9D772027E8CFEE008554EC /* Resources */,
			);
			buildRules = (
			);
			dependencies = (
			);
			name = MVP_fourth;
			productName = MVP_fourth;
			productReference = BC9D772227E8CFEE008554EC /* MVP_fourth.app */;
			productType = "com.apple.product-type.application";
		};
/* End PBXNativeTarget section */

/* Begin PBXProject section */
		BC9D771A27E8CFEE008554EC /* Project object */ = {
			isa = PBXProject;
			attributes = {
				BuildIndependentTargetsInParallel = 1;
				LastSwiftUpdateCheck = 1320;
				LastUpgradeCheck = 1320;
				TargetAttributes = {
					BC9D772127E8CFEE008554EC = {
						CreatedOnToolsVersion = 13.2.1;
					};
				};
			};
			buildConfigurationList = BC9D771D27E8CFEE008554EC /* Build configuration list for PBXProject "MVP_fourth" */;
			compatibilityVersion = "Xcode 13.0";
			developmentRegion = en;
			hasScannedForEncodings = 0;
			knownRegions = (
				en,
				Base,
			);
			mainGroup = BC9D771927E8CFEE008554EC;
			productRefGroup = BC9D772327E8CFEE008554EC /* Products */;
			projectDirPath = "";
			projectRoot = "";
			targets = (
				BC9D772127E8CFEE008554EC /* MVP_fourth */,
			);
		};
/* End PBXProject section */

/* Begin PBXResourcesBuildPhase section */
		BC9D772027E8CFEE008554EC /* Resources */ = {
			isa = PBXResourcesBuildPhase;
			buildActionMask = 2147483647;
			files = (
				BC9D773227E8CFF1008554EC /* LaunchScreen.storyboard in Resources */,
				BC9D772F27E8CFF1008554EC /* Assets.xcassets in Resources */,
				BC9D772D27E8CFEE008554EC /* Main.storyboard in Resources */,
			);
			runOnlyForDeploymentPostprocessing = 0;
		};
/* End PBXResourcesBuildPhase section */

/* Begin PBXSourcesBuildPhase section */
		BC9D771E27E8CFEE008554EC /* Sources */ = {
			isa = PBXSourcesBuildPhase;
			buildActionMask = 2147483647;
			files = (
				BC9D774227E8D63C008554EC /* ViewInputDelegate.swift in Sources */,
				BC9D772A27E8CFEE008554EC /* ViewController.swift in Sources */,
				BC9D772627E8CFEE008554EC /* AppDelegate.swift in Sources */,
				BC9D773A27E8D3FC008554EC /* CryptoModel.swift in Sources */,
				BC9D772827E8CFEE008554EC /* SceneDelegate.swift in Sources */,
				BC9D773D27E8D569008554EC /* Presenter.swift in Sources */,
			);
			runOnlyForDeploymentPostprocessing = 0;
		};
/* End PBXSourcesBuildPhase section */

/* Begin PBXVariantGroup section */
		BC9D772B27E8CFEE008554EC /* Main.storyboard */ = {
			isa = PBXVariantGroup;
			children = (
				BC9D772C27E8CFEE008554EC /* Base */,
			);
			name = Main.storyboard;
			sourceTree = "<group>";
		};
		BC9D773027E8CFF1008554EC /* LaunchScreen.storyboard */ = {
			isa = PBXVariantGroup;
			children = (
				BC9D773127E8CFF1008554EC /* Base */,
			);
			name = LaunchScreen.storyboard;
			sourceTree = "<group>";
		};
/* End PBXVariantGroup section */

/* Begin XCBuildConfiguration section */
		BC9D773427E8CFF1008554EC /* Debug */ = {
			isa = XCBuildConfiguration;
			buildSettings = {
				ALWAYS_SEARCH_USER_PATHS = NO;
				CLANG_ANALYZER_NONNULL = YES;
				CLANG_ANALYZER_NUMBER_OBJECT_CONVERSION = YES_AGGRESSIVE;
				CLANG_CXX_LANGUAGE_STANDARD = "gnu++17";
				CLANG_CXX_LIBRARY = "libc++";
				CLANG_ENABLE_MODULES = YES;
				CLANG_ENABLE_OBJC_ARC = YES;
				CLANG_ENABLE_OBJC_WEAK = YES;
				CLANG_WARN_BLOCK_CAPTURE_AUTORELEASING = YES;
				CLANG_WARN_BOOL_CONVERSION = YES;
				CLANG_WARN_COMMA = YES;
				CLANG_WARN_CONSTANT_CONVERSION = YES;
				CLANG_WARN_DEPRECATED_OBJC_IMPLEMENTATIONS = YES;
				CLANG_WARN_DIRECT_OBJC_ISA_USAGE = YES_ERROR;
				CLANG_WARN_DOCUMENTATION_COMMENTS = YES;
				CLANG_WARN_EMPTY_BODY = YES;
				CLANG_WARN_ENUM_CONVERSION = YES;
				CLANG_WARN_INFINITE_RECURSION = YES;
				CLANG_WARN_INT_CONVERSION = YES;
				CLANG_WARN_NON_LITERAL_NULL_CONVERSION = YES;
				CLANG_WARN_OBJC_IMPLICIT_RETAIN_SELF = YES;
				CLANG_WARN_OBJC_LITERAL_CONVERSION = YES;
				CLANG_WARN_OBJC_ROOT_CLASS = YES_ERROR;
				CLANG_WARN_QUOTED_INCLUDE_IN_FRAMEWORK_HEADER = YES;
				CLANG_WARN_RANGE_LOOP_ANALYSIS = YES;
				CLANG_WARN_STRICT_PROTOTYPES = YES;
				CLANG_WARN_SUSPICIOUS_MOVE = YES;
				CLANG_WARN_UNGUARDED_AVAILABILITY = YES_AGGRESSIVE;
				CLANG_WARN_UNREACHABLE_CODE = YES;
				CLANG_WARN__DUPLICATE_METHOD_MATCH = YES;
				COPY_PHASE_STRIP = NO;
				DEBUG_INFORMATION_FORMAT = dwarf;
				ENABLE_STRICT_OBJC_MSGSEND = YES;
				ENABLE_TESTABILITY = YES;
				GCC_C_LANGUAGE_STANDARD = gnu11;
				GCC_DYNAMIC_NO_PIC = NO;
				GCC_NO_COMMON_BLOCKS = YES;
				GCC_OPTIMIZATION_LEVEL = 0;
				GCC_PREPROCESSOR_DEFINITIONS = (
					"DEBUG=1",
					"$(inherited)",
				);
				GCC_WARN_64_TO_32_BIT_CONVERSION = YES;
				GCC_WARN_ABOUT_RETURN_TYPE = YES_ERROR;
				GCC_WARN_UNDECLARED_SELECTOR = YES;
				GCC_WARN_UNINITIALIZED_AUTOS = YES_AGGRESSIVE;
				GCC_WARN_UNUSED_FUNCTION = YES;
				GCC_WARN_UNUSED_VARIABLE = YES;
				IPHONEOS_DEPLOYMENT_TARGET = 15.2;
				MTL_ENABLE_DEBUG_INFO = INCLUDE_SOURCE;
				MTL_FAST_MATH = YES;
				ONLY_ACTIVE_ARCH = YES;
				SDKROOT = iphoneos;
				SWIFT_ACTIVE_COMPILATION_CONDITIONS = DEBUG;
				SWIFT_OPTIMIZATION_LEVEL = "-Onone";
			};
			name = Debug;
		};
		BC9D773527E8CFF1008554EC /* Release */ = {
			isa = XCBuildConfiguration;
			buildSettings = {
				ALWAYS_SEARCH_USER_PATHS = NO;
				CLANG_ANALYZER_NONNULL = YES;
				CLANG_ANALYZER_NUMBER_OBJECT_CONVERSION = YES_AGGRESSIVE;
				CLANG_CXX_LANGUAGE_STANDARD = "gnu++17";
				CLANG_CXX_LIBRARY = "libc++";
				CLANG_ENABLE_MODULES = YES;
				CLANG_ENABLE_OBJC_ARC = YES;
				CLANG_ENABLE_OBJC_WEAK = YES;
				CLANG_WARN_BLOCK_CAPTURE_AUTORELEASING = YES;
				CLANG_WARN_BOOL_CONVERSION = YES;
				CLANG_WARN_COMMA = YES;
				CLANG_WARN_CONSTANT_CONVERSION = YES;
				CLANG_WARN_DEPRECATED_OBJC_IMPLEMENTATIONS = YES;
				CLANG_WARN_DIRECT_OBJC_ISA_USAGE = YES_ERROR;
				CLANG_WARN_DOCUMENTATION_COMMENTS = YES;
				CLANG_WARN_EMPTY_BODY = YES;
				CLANG_WARN_ENUM_CONVERSION = YES;
				CLANG_WARN_INFINITE_RECURSION = YES;
				CLANG_WARN_INT_CONVERSION = YES;
				CLANG_WARN_NON_LITERAL_NULL_CONVERSION = YES;
				CLANG_WARN_OBJC_IMPLICIT_RETAIN_SELF = YES;
				CLANG_WARN_OBJC_LITERAL_CONVERSION = YES;
				CLANG_WARN_OBJC_ROOT_CLASS = YES_ERROR;
				CLANG_WARN_QUOTED_INCLUDE_IN_FRAMEWORK_HEADER = YES;
				CLANG_WARN_RANGE_LOOP_ANALYSIS = YES;
				CLANG_WARN_STRICT_PROTOTYPES = YES;
				CLANG_WARN_SUSPICIOUS_MOVE = YES;
				CLANG_WARN_UNGUARDED_AVAILABILITY = YES_AGGRESSIVE;
				CLANG_WARN_UNREACHABLE_CODE = YES;
				CLANG_WARN__DUPLICATE_METHOD_MATCH = YES;
				COPY_PHASE_STRIP = NO;
				DEBUG_INFORMATION_FORMAT = "dwarf-with-dsym";
				ENABLE_NS_ASSERTIONS = NO;
				ENABLE_STRICT_OBJC_MSGSEND = YES;
				GCC_C_LANGUAGE_STANDARD = gnu11;
				GCC_NO_COMMON_BLOCKS = YES;
				GCC_WARN_64_TO_32_BIT_CONVERSION = YES;
				GCC_WARN_ABOUT_RETURN_TYPE = YES_ERROR;
				GCC_WARN_UNDECLARED_SELECTOR = YES;
				GCC_WARN_UNINITIALIZED_AUTOS = YES_AGGRESSIVE;
				GCC_WARN_UNUSED_FUNCTION = YES;
				GCC_WARN_UNUSED_VARIABLE = YES;
				IPHONEOS_DEPLOYMENT_TARGET = 15.2;
				MTL_ENABLE_DEBUG_INFO = NO;
				MTL_FAST_MATH = YES;
				SDKROOT = iphoneos;
				SWIFT_COMPILATION_MODE = wholemodule;
				SWIFT_OPTIMIZATION_LEVEL = "-O";
				VALIDATE_PRODUCT = YES;
			};
			name = Release;
		};
		BC9D773727E8CFF1008554EC /* Debug */ = {
			isa = XCBuildConfiguration;
			buildSettings = {
				ASSETCATALOG_COMPILER_APPICON_NAME = AppIcon;
				ASSETCATALOG_COMPILER_GLOBAL_ACCENT_COLOR_NAME = AccentColor;
				CODE_SIGN_STYLE = Automatic;
				CURRENT_PROJECT_VERSION = 1;
				DEVELOPMENT_TEAM = K33FXWL25N;
				GENERATE_INFOPLIST_FILE = YES;
				INFOPLIST_FILE = MVP_fourth/Info.plist;
				INFOPLIST_KEY_UIApplicationSupportsIndirectInputEvents = YES;
				INFOPLIST_KEY_UILaunchStoryboardName = LaunchScreen;
				INFOPLIST_KEY_UIMainStoryboardFile = Main;
				INFOPLIST_KEY_UISupportedInterfaceOrientations_iPad = "UIInterfaceOrientationPortrait UIInterfaceOrientationPortraitUpsideDown UIInterfaceOrientationLandscapeLeft UIInterfaceOrientationLandscapeRight";
				INFOPLIST_KEY_UISupportedInterfaceOrientations_iPhone = "UIInterfaceOrientationPortrait UIInterfaceOrientationLandscapeLeft UIInterfaceOrientationLandscapeRight";
				LD_RUNPATH_SEARCH_PATHS = (
					"$(inherited)",
					"@executable_path/Frameworks",
				);
				MARKETING_VERSION = 1.0;
				PRODUCT_BUNDLE_IDENTIFIER = "co.AOS.MVP-fourth";
				PRODUCT_NAME = "$(TARGET_NAME)";
				SWIFT_EMIT_LOC_STRINGS = YES;
				SWIFT_VERSION = 5.0;
				TARGETED_DEVICE_FAMILY = "1,2";
			};
			name = Debug;
		};
		BC9D773827E8CFF1008554EC /* Release */ = {
			isa = XCBuildConfiguration;
			buildSettings = {
				ASSETCATALOG_COMPILER_APPICON_NAME = AppIcon;
				ASSETCATALOG_COMPILER_GLOBAL_ACCENT_COLOR_NAME = AccentColor;
				CODE_SIGN_STYLE = Automatic;
				CURRENT_PROJECT_VERSION = 1;
				DEVELOPMENT_TEAM = K33FXWL25N;
				GENERATE_INFOPLIST_FILE = YES;
				INFOPLIST_FILE = MVP_fourth/Info.plist;
				INFOPLIST_KEY_UIApplicationSupportsIndirectInputEvents = YES;
				INFOPLIST_KEY_UILaunchStoryboardName = LaunchScreen;
				INFOPLIST_KEY_UIMainStoryboardFile = Main;
				INFOPLIST_KEY_UISupportedInterfaceOrientations_iPad = "UIInterfaceOrientationPortrait UIInterfaceOrientationPortraitUpsideDown UIInterfaceOrientationLandscapeLeft UIInterfaceOrientationLandscapeRight";
				INFOPLIST_KEY_UISupportedInterfaceOrientations_iPhone = "UIInterfaceOrientationPortrait UIInterfaceOrientationLandscapeLeft UIInterfaceOrientationLandscapeRight";
				LD_RUNPATH_SEARCH_PATHS = (
					"$(inherited)",
					"@executable_path/Frameworks",
				);
				MARKETING_VERSION = 1.0;
				PRODUCT_BUNDLE_IDENTIFIER = "co.AOS.MVP-fourth";
				PRODUCT_NAME = "$(TARGET_NAME)";
				SWIFT_EMIT_LOC_STRINGS = YES;
				SWIFT_VERSION = 5.0;
				TARGETED_DEVICE_FAMILY = "1,2";
			};
			name = Release;
		};
/* End XCBuildConfiguration section */

/* Begin XCConfigurationList section */
		BC9D771D27E8CFEE008554EC /* Build configuration list for PBXProject "MVP_fourth" */ = {
			isa = XCConfigurationList;
			buildConfigurations = (
				BC9D773427E8CFF1008554EC /* Debug */,
				BC9D773527E8CFF1008554EC /* Release */,
			);
			defaultConfigurationIsVisible = 0;
			defaultConfigurationName = Release;
		};
		BC9D773627E8CFF1008554EC /* Build configuration list for PBXNativeTarget "MVP_fourth" */ = {
			isa = XCConfigurationList;
			buildConfigurations = (
				BC9D773727E8CFF1008554EC /* Debug */,
				BC9D773827E8CFF1008554EC /* Release */,
			);
			defaultConfigurationIsVisible = 0;
			defaultConfigurationName = Release;
		};
/* End XCConfigurationList section */
	};
	rootObject = BC9D771A27E8CFEE008554EC /* Project object */;
}
